// !$*UTF8*$!
{
	archiveVersion = 1;
	classes = {
	};
	objectVersion = 56;
	objects = {

/* Begin PBXBuildFile section */
		D25E189329B7745C008BCE84 /* TraderApp.swift in Sources */ = {isa = PBXBuildFile; fileRef = D25E189229B7745C008BCE84 /* TraderApp.swift */; };
		D25E189729B7745D008BCE84 /* Assets.xcassets in Resources */ = {isa = PBXBuildFile; fileRef = D25E189629B7745D008BCE84 /* Assets.xcassets */; };
		D25E189B29B7745D008BCE84 /* Preview Assets.xcassets in Resources */ = {isa = PBXBuildFile; fileRef = D25E189A29B7745D008BCE84 /* Preview Assets.xcassets */; };
		D25E18A529B7745D008BCE84 /* TraderTests.swift in Sources */ = {isa = PBXBuildFile; fileRef = D25E18A429B7745D008BCE84 /* TraderTests.swift */; };
		D25E18AF29B7745D008BCE84 /* TraderUITests.swift in Sources */ = {isa = PBXBuildFile; fileRef = D25E18AE29B7745D008BCE84 /* TraderUITests.swift */; };
		D25E18B129B7745D008BCE84 /* TraderUITestsLaunchTests.swift in Sources */ = {isa = PBXBuildFile; fileRef = D25E18B029B7745D008BCE84 /* TraderUITestsLaunchTests.swift */; };
		D25E18C229B77596008BCE84 /* WelcomeScreen.swift in Sources */ = {isa = PBXBuildFile; fileRef = D25E18C129B77596008BCE84 /* WelcomeScreen.swift */; };
		D25E18C429B78047008BCE84 /* PickAssetScreen.swift in Sources */ = {isa = PBXBuildFile; fileRef = D25E18C329B78047008BCE84 /* PickAssetScreen.swift */; };
		D25E18C629B78371008BCE84 /* IntroductoryScreen.swift in Sources */ = {isa = PBXBuildFile; fileRef = D25E18C529B78371008BCE84 /* IntroductoryScreen.swift */; };
		D25E18C829B7874B008BCE84 /* StandardButton.swift in Sources */ = {isa = PBXBuildFile; fileRef = D25E18C729B7874B008BCE84 /* StandardButton.swift */; };
		D25E18CB29B789A1008BCE84 /* Style.swift in Sources */ = {isa = PBXBuildFile; fileRef = D25E18CA29B789A1008BCE84 /* Style.swift */; };
		D25E18CF29B8A4C4008BCE84 /* Coin.swift in Sources */ = {isa = PBXBuildFile; fileRef = D25E18CE29B8A4C4008BCE84 /* Coin.swift */; };
		D25E18D129B8A916008BCE84 /* PickAssetViewModel.swift in Sources */ = {isa = PBXBuildFile; fileRef = D25E18D029B8A916008BCE84 /* PickAssetViewModel.swift */; };
		D25E18D529B8A989008BCE84 /* CoinsService.swift in Sources */ = {isa = PBXBuildFile; fileRef = D25E18D429B8A989008BCE84 /* CoinsService.swift */; };
		D25E18D929B8AA26008BCE84 /* APIConstants.swift in Sources */ = {isa = PBXBuildFile; fileRef = D25E18D829B8AA26008BCE84 /* APIConstants.swift */; };
		D25E18DC29B8B0B0008BCE84 /* CoinView.swift in Sources */ = {isa = PBXBuildFile; fileRef = D25E18DB29B8B0AF008BCE84 /* CoinView.swift */; };
		D29A5AF829C0CCFE00B45946 /* TradingScreen.swift in Sources */ = {isa = PBXBuildFile; fileRef = D29A5AF729C0CCFE00B45946 /* TradingScreen.swift */; };
		D2D271DB29B8EB4A00BC786A /* Kingfisher in Frameworks */ = {isa = PBXBuildFile; productRef = D2D271DA29B8EB4A00BC786A /* Kingfisher */; };
/* End PBXBuildFile section */

/* Begin PBXContainerItemProxy section */
		D25E18A129B7745D008BCE84 /* PBXContainerItemProxy */ = {
			isa = PBXContainerItemProxy;
			containerPortal = D25E188729B7745C008BCE84 /* Project object */;
			proxyType = 1;
			remoteGlobalIDString = D25E188E29B7745C008BCE84;
			remoteInfo = Trader;
		};
		D25E18AB29B7745D008BCE84 /* PBXContainerItemProxy */ = {
			isa = PBXContainerItemProxy;
			containerPortal = D25E188729B7745C008BCE84 /* Project object */;
			proxyType = 1;
			remoteGlobalIDString = D25E188E29B7745C008BCE84;
			remoteInfo = Trader;
		};
/* End PBXContainerItemProxy section */

/* Begin PBXFileReference section */
		D25E188F29B7745C008BCE84 /* Trader.app */ = {isa = PBXFileReference; explicitFileType = wrapper.application; includeInIndex = 0; path = Trader.app; sourceTree = BUILT_PRODUCTS_DIR; };
		D25E189229B7745C008BCE84 /* TraderApp.swift */ = {isa = PBXFileReference; lastKnownFileType = sourcecode.swift; path = TraderApp.swift; sourceTree = "<group>"; };
		D25E189629B7745D008BCE84 /* Assets.xcassets */ = {isa = PBXFileReference; lastKnownFileType = folder.assetcatalog; path = Assets.xcassets; sourceTree = "<group>"; };
		D25E189829B7745D008BCE84 /* Trader.entitlements */ = {isa = PBXFileReference; lastKnownFileType = text.plist.entitlements; path = Trader.entitlements; sourceTree = "<group>"; };
		D25E189A29B7745D008BCE84 /* Preview Assets.xcassets */ = {isa = PBXFileReference; lastKnownFileType = folder.assetcatalog; path = "Preview Assets.xcassets"; sourceTree = "<group>"; };
		D25E18A029B7745D008BCE84 /* TraderTests.xctest */ = {isa = PBXFileReference; explicitFileType = wrapper.cfbundle; includeInIndex = 0; path = TraderTests.xctest; sourceTree = BUILT_PRODUCTS_DIR; };
		D25E18A429B7745D008BCE84 /* TraderTests.swift */ = {isa = PBXFileReference; lastKnownFileType = sourcecode.swift; path = TraderTests.swift; sourceTree = "<group>"; };
		D25E18AA29B7745D008BCE84 /* TraderUITests.xctest */ = {isa = PBXFileReference; explicitFileType = wrapper.cfbundle; includeInIndex = 0; path = TraderUITests.xctest; sourceTree = BUILT_PRODUCTS_DIR; };
		D25E18AE29B7745D008BCE84 /* TraderUITests.swift */ = {isa = PBXFileReference; lastKnownFileType = sourcecode.swift; path = TraderUITests.swift; sourceTree = "<group>"; };
		D25E18B029B7745D008BCE84 /* TraderUITestsLaunchTests.swift */ = {isa = PBXFileReference; lastKnownFileType = sourcecode.swift; path = TraderUITestsLaunchTests.swift; sourceTree = "<group>"; };
		D25E18C129B77596008BCE84 /* WelcomeScreen.swift */ = {isa = PBXFileReference; lastKnownFileType = sourcecode.swift; path = WelcomeScreen.swift; sourceTree = "<group>"; };
		D25E18C329B78047008BCE84 /* PickAssetScreen.swift */ = {isa = PBXFileReference; lastKnownFileType = sourcecode.swift; path = PickAssetScreen.swift; sourceTree = "<group>"; };
		D25E18C529B78371008BCE84 /* IntroductoryScreen.swift */ = {isa = PBXFileReference; lastKnownFileType = sourcecode.swift; path = IntroductoryScreen.swift; sourceTree = "<group>"; };
		D25E18C729B7874B008BCE84 /* StandardButton.swift */ = {isa = PBXFileReference; lastKnownFileType = sourcecode.swift; path = StandardButton.swift; sourceTree = "<group>"; };
		D25E18CA29B789A1008BCE84 /* Style.swift */ = {isa = PBXFileReference; lastKnownFileType = sourcecode.swift; path = Style.swift; sourceTree = "<group>"; };
		D25E18CE29B8A4C4008BCE84 /* Coin.swift */ = {isa = PBXFileReference; lastKnownFileType = sourcecode.swift; path = Coin.swift; sourceTree = "<group>"; };
		D25E18D029B8A916008BCE84 /* PickAssetViewModel.swift */ = {isa = PBXFileReference; lastKnownFileType = sourcecode.swift; path = PickAssetViewModel.swift; sourceTree = "<group>"; };
		D25E18D429B8A989008BCE84 /* CoinsService.swift */ = {isa = PBXFileReference; lastKnownFileType = sourcecode.swift; path = CoinsService.swift; sourceTree = "<group>"; };
		D25E18D829B8AA26008BCE84 /* APIConstants.swift */ = {isa = PBXFileReference; lastKnownFileType = sourcecode.swift; path = APIConstants.swift; sourceTree = "<group>"; };
		D25E18DB29B8B0AF008BCE84 /* CoinView.swift */ = {isa = PBXFileReference; lastKnownFileType = sourcecode.swift; path = CoinView.swift; sourceTree = "<group>"; };
		D29A5AF729C0CCFE00B45946 /* TradingScreen.swift */ = {isa = PBXFileReference; lastKnownFileType = sourcecode.swift; path = TradingScreen.swift; sourceTree = "<group>"; };
/* End PBXFileReference section */

/* Begin PBXFrameworksBuildPhase section */
		D25E188C29B7745C008BCE84 /* Frameworks */ = {
			isa = PBXFrameworksBuildPhase;
			buildActionMask = 2147483647;
			files = (
				D2D271DB29B8EB4A00BC786A /* Kingfisher in Frameworks */,
			);
			runOnlyForDeploymentPostprocessing = 0;
		};
		D25E189D29B7745D008BCE84 /* Frameworks */ = {
			isa = PBXFrameworksBuildPhase;
			buildActionMask = 2147483647;
			files = (
			);
			runOnlyForDeploymentPostprocessing = 0;
		};
		D25E18A729B7745D008BCE84 /* Frameworks */ = {
			isa = PBXFrameworksBuildPhase;
			buildActionMask = 2147483647;
			files = (
			);
			runOnlyForDeploymentPostprocessing = 0;
		};
/* End PBXFrameworksBuildPhase section */

/* Begin PBXGroup section */
		D25E188629B7745C008BCE84 = {
			isa = PBXGroup;
			children = (
				D25E189129B7745C008BCE84 /* Trader */,
				D25E18A329B7745D008BCE84 /* TraderTests */,
				D25E18AD29B7745D008BCE84 /* TraderUITests */,
				D25E189029B7745C008BCE84 /* Products */,
			);
			sourceTree = "<group>";
		};
		D25E189029B7745C008BCE84 /* Products */ = {
			isa = PBXGroup;
			children = (
				D25E188F29B7745C008BCE84 /* Trader.app */,
				D25E18A029B7745D008BCE84 /* TraderTests.xctest */,
				D25E18AA29B7745D008BCE84 /* TraderUITests.xctest */,
			);
			name = Products;
			sourceTree = "<group>";
		};
		D25E189129B7745C008BCE84 /* Trader */ = {
			isa = PBXGroup;
			children = (
				D25E189229B7745C008BCE84 /* TraderApp.swift */,
				D25E18C929B787D8008BCE84 /* Common */,
				D25E18BD29B77552008BCE84 /* Features */,
				D25E18D729B8AA18008BCE84 /* Constants */,
				D25E189629B7745D008BCE84 /* Assets.xcassets */,
				D25E189829B7745D008BCE84 /* Trader.entitlements */,
				D25E189929B7745D008BCE84 /* Preview Content */,
			);
			path = Trader;
			sourceTree = "<group>";
		};
		D25E189929B7745D008BCE84 /* Preview Content */ = {
			isa = PBXGroup;
			children = (
				D25E189A29B7745D008BCE84 /* Preview Assets.xcassets */,
			);
			path = "Preview Content";
			sourceTree = "<group>";
		};
		D25E18A329B7745D008BCE84 /* TraderTests */ = {
			isa = PBXGroup;
			children = (
				D25E18A429B7745D008BCE84 /* TraderTests.swift */,
			);
			path = TraderTests;
			sourceTree = "<group>";
		};
		D25E18AD29B7745D008BCE84 /* TraderUITests */ = {
			isa = PBXGroup;
			children = (
				D25E18AE29B7745D008BCE84 /* TraderUITests.swift */,
				D25E18B029B7745D008BCE84 /* TraderUITestsLaunchTests.swift */,
			);
			path = TraderUITests;
			sourceTree = "<group>";
		};
		D25E18BD29B77552008BCE84 /* Features */ = {
			isa = PBXGroup;
			children = (
				D25E18BE29B77560008BCE84 /* Introduction */,
				D29A5AF529C0CCE500B45946 /* Trading */,
			);
			path = Features;
			sourceTree = "<group>";
		};
		D25E18BE29B77560008BCE84 /* Introduction */ = {
			isa = PBXGroup;
			children = (
				D25E18DA29B8B0A4008BCE84 /* Views */,
				D25E18D329B8A97B008BCE84 /* Services */,
				D25E18D229B8A91B008BCE84 /* ViewModels */,
				D25E18CD29B8A4AA008BCE84 /* Models */,
				D25E18BF29B7756F008BCE84 /* Screens */,
			);
			path = Introduction;
			sourceTree = "<group>";
		};
		D25E18BF29B7756F008BCE84 /* Screens */ = {
			isa = PBXGroup;
			children = (
				D25E18C529B78371008BCE84 /* IntroductoryScreen.swift */,
				D25E18C129B77596008BCE84 /* WelcomeScreen.swift */,
				D25E18C329B78047008BCE84 /* PickAssetScreen.swift */,
			);
			path = Screens;
			sourceTree = "<group>";
		};
		D25E18C929B787D8008BCE84 /* Common */ = {
			isa = PBXGroup;
			children = (
				D25E18C729B7874B008BCE84 /* StandardButton.swift */,
				D25E18CA29B789A1008BCE84 /* Style.swift */,
			);
			path = Common;
			sourceTree = "<group>";
		};
		D25E18CD29B8A4AA008BCE84 /* Models */ = {
			isa = PBXGroup;
			children = (
				D25E18CE29B8A4C4008BCE84 /* Coin.swift */,
			);
			path = Models;
			sourceTree = "<group>";
		};
		D25E18D229B8A91B008BCE84 /* ViewModels */ = {
			isa = PBXGroup;
			children = (
				D25E18D029B8A916008BCE84 /* PickAssetViewModel.swift */,
			);
			path = ViewModels;
			sourceTree = "<group>";
		};
		D25E18D329B8A97B008BCE84 /* Services */ = {
			isa = PBXGroup;
			children = (
				D25E18D429B8A989008BCE84 /* CoinsService.swift */,
			);
			path = Services;
			sourceTree = "<group>";
		};
		D25E18D729B8AA18008BCE84 /* Constants */ = {
			isa = PBXGroup;
			children = (
				D25E18D829B8AA26008BCE84 /* APIConstants.swift */,
			);
			path = Constants;
			sourceTree = "<group>";
		};
		D25E18DA29B8B0A4008BCE84 /* Views */ = {
			isa = PBXGroup;
			children = (
				D25E18DB29B8B0AF008BCE84 /* CoinView.swift */,
			);
			path = Views;
			sourceTree = "<group>";
		};
		D29A5AF529C0CCE500B45946 /* Trading */ = {
			isa = PBXGroup;
			children = (
				D29A5AF629C0CCF200B45946 /* Screens */,
			);
			path = Trading;
			sourceTree = "<group>";
		};
		D29A5AF629C0CCF200B45946 /* Screens */ = {
			isa = PBXGroup;
			children = (
				D29A5AF729C0CCFE00B45946 /* TradingScreen.swift */,
			);
			path = Screens;
			sourceTree = "<group>";
		};
/* End PBXGroup section */

/* Begin PBXNativeTarget section */
		D25E188E29B7745C008BCE84 /* Trader */ = {
			isa = PBXNativeTarget;
			buildConfigurationList = D25E18B429B7745D008BCE84 /* Build configuration list for PBXNativeTarget "Trader" */;
			buildPhases = (
				D25E188B29B7745C008BCE84 /* Sources */,
				D25E188C29B7745C008BCE84 /* Frameworks */,
				D25E188D29B7745C008BCE84 /* Resources */,
				D25E18CC29B78F4B008BCE84 /* SwiftLint */,
			);
			buildRules = (
			);
			dependencies = (
			);
			name = Trader;
			packageProductDependencies = (
				D2D271DA29B8EB4A00BC786A /* Kingfisher */,
			);
			productName = Trader;
			productReference = D25E188F29B7745C008BCE84 /* Trader.app */;
			productType = "com.apple.product-type.application";
		};
		D25E189F29B7745D008BCE84 /* TraderTests */ = {
			isa = PBXNativeTarget;
			buildConfigurationList = D25E18B729B7745D008BCE84 /* Build configuration list for PBXNativeTarget "TraderTests" */;
			buildPhases = (
				D25E189C29B7745D008BCE84 /* Sources */,
				D25E189D29B7745D008BCE84 /* Frameworks */,
				D25E189E29B7745D008BCE84 /* Resources */,
			);
			buildRules = (
			);
			dependencies = (
				D25E18A229B7745D008BCE84 /* PBXTargetDependency */,
			);
			name = TraderTests;
			productName = TraderTests;
			productReference = D25E18A029B7745D008BCE84 /* TraderTests.xctest */;
			productType = "com.apple.product-type.bundle.unit-test";
		};
		D25E18A929B7745D008BCE84 /* TraderUITests */ = {
			isa = PBXNativeTarget;
			buildConfigurationList = D25E18BA29B7745D008BCE84 /* Build configuration list for PBXNativeTarget "TraderUITests" */;
			buildPhases = (
				D25E18A629B7745D008BCE84 /* Sources */,
				D25E18A729B7745D008BCE84 /* Frameworks */,
				D25E18A829B7745D008BCE84 /* Resources */,
			);
			buildRules = (
			);
			dependencies = (
				D25E18AC29B7745D008BCE84 /* PBXTargetDependency */,
			);
			name = TraderUITests;
			productName = TraderUITests;
			productReference = D25E18AA29B7745D008BCE84 /* TraderUITests.xctest */;
			productType = "com.apple.product-type.bundle.ui-testing";
		};
/* End PBXNativeTarget section */

/* Begin PBXProject section */
		D25E188729B7745C008BCE84 /* Project object */ = {
			isa = PBXProject;
			attributes = {
				BuildIndependentTargetsInParallel = 1;
				LastSwiftUpdateCheck = 1420;
				LastUpgradeCheck = 1420;
				TargetAttributes = {
					D25E188E29B7745C008BCE84 = {
						CreatedOnToolsVersion = 14.2;
					};
					D25E189F29B7745D008BCE84 = {
						CreatedOnToolsVersion = 14.2;
						TestTargetID = D25E188E29B7745C008BCE84;
					};
					D25E18A929B7745D008BCE84 = {
						CreatedOnToolsVersion = 14.2;
						TestTargetID = D25E188E29B7745C008BCE84;
					};
				};
			};
			buildConfigurationList = D25E188A29B7745C008BCE84 /* Build configuration list for PBXProject "Trader" */;
			compatibilityVersion = "Xcode 14.0";
			developmentRegion = en;
			hasScannedForEncodings = 0;
			knownRegions = (
				en,
				Base,
			);
			mainGroup = D25E188629B7745C008BCE84;
			packageReferences = (
				D2D271D929B8EB4A00BC786A /* XCRemoteSwiftPackageReference "Kingfisher" */,
			);
			productRefGroup = D25E189029B7745C008BCE84 /* Products */;
			projectDirPath = "";
			projectRoot = "";
			targets = (
				D25E188E29B7745C008BCE84 /* Trader */,
				D25E189F29B7745D008BCE84 /* TraderTests */,
				D25E18A929B7745D008BCE84 /* TraderUITests */,
			);
		};
/* End PBXProject section */

/* Begin PBXResourcesBuildPhase section */
		D25E188D29B7745C008BCE84 /* Resources */ = {
			isa = PBXResourcesBuildPhase;
			buildActionMask = 2147483647;
			files = (
				D25E189B29B7745D008BCE84 /* Preview Assets.xcassets in Resources */,
				D25E189729B7745D008BCE84 /* Assets.xcassets in Resources */,
			);
			runOnlyForDeploymentPostprocessing = 0;
		};
		D25E189E29B7745D008BCE84 /* Resources */ = {
			isa = PBXResourcesBuildPhase;
			buildActionMask = 2147483647;
			files = (
			);
			runOnlyForDeploymentPostprocessing = 0;
		};
		D25E18A829B7745D008BCE84 /* Resources */ = {
			isa = PBXResourcesBuildPhase;
			buildActionMask = 2147483647;
			files = (
			);
			runOnlyForDeploymentPostprocessing = 0;
		};
/* End PBXResourcesBuildPhase section */

/* Begin PBXShellScriptBuildPhase section */
		D25E18CC29B78F4B008BCE84 /* SwiftLint */ = {
			isa = PBXShellScriptBuildPhase;
			buildActionMask = 2147483647;
			files = (
			);
			inputFileListPaths = (
			);
			inputPaths = (
			);
			name = SwiftLint;
			outputFileListPaths = (
			);
			outputPaths = (
			);
			runOnlyForDeploymentPostprocessing = 0;
			shellPath = /bin/sh;
			shellScript = "export PATH=\"$PATH:/opt/homebrew/bin\"\n\nif which swiftlint > /dev/null; then\n  swiftlint --autocorrect && swiftlint\nelse\n  echo \"warning: SwiftLint not installed, download from https://github.com/realm/SwiftLint\"\nfi\n";
		};
/* End PBXShellScriptBuildPhase section */

/* Begin PBXSourcesBuildPhase section */
		D25E188B29B7745C008BCE84 /* Sources */ = {
			isa = PBXSourcesBuildPhase;
			buildActionMask = 2147483647;
			files = (
				D25E18DC29B8B0B0008BCE84 /* CoinView.swift in Sources */,
				D25E18C829B7874B008BCE84 /* StandardButton.swift in Sources */,
				D25E18D529B8A989008BCE84 /* CoinsService.swift in Sources */,
				D29A5AF829C0CCFE00B45946 /* TradingScreen.swift in Sources */,
				D25E18CF29B8A4C4008BCE84 /* Coin.swift in Sources */,
				D25E18CB29B789A1008BCE84 /* Style.swift in Sources */,
				D25E18D129B8A916008BCE84 /* PickAssetViewModel.swift in Sources */,
				D25E18C229B77596008BCE84 /* WelcomeScreen.swift in Sources */,
				D25E18D929B8AA26008BCE84 /* APIConstants.swift in Sources */,
				D25E18C429B78047008BCE84 /* PickAssetScreen.swift in Sources */,
				D25E18C629B78371008BCE84 /* IntroductoryScreen.swift in Sources */,
				D25E189329B7745C008BCE84 /* TraderApp.swift in Sources */,
			);
			runOnlyForDeploymentPostprocessing = 0;
		};
		D25E189C29B7745D008BCE84 /* Sources */ = {
			isa = PBXSourcesBuildPhase;
			buildActionMask = 2147483647;
			files = (
				D25E18A529B7745D008BCE84 /* TraderTests.swift in Sources */,
			);
			runOnlyForDeploymentPostprocessing = 0;
		};
		D25E18A629B7745D008BCE84 /* Sources */ = {
			isa = PBXSourcesBuildPhase;
			buildActionMask = 2147483647;
			files = (
				D25E18B129B7745D008BCE84 /* TraderUITestsLaunchTests.swift in Sources */,
				D25E18AF29B7745D008BCE84 /* TraderUITests.swift in Sources */,
			);
			runOnlyForDeploymentPostprocessing = 0;
		};
/* End PBXSourcesBuildPhase section */

/* Begin PBXTargetDependency section */
		D25E18A229B7745D008BCE84 /* PBXTargetDependency */ = {
			isa = PBXTargetDependency;
			target = D25E188E29B7745C008BCE84 /* Trader */;
			targetProxy = D25E18A129B7745D008BCE84 /* PBXContainerItemProxy */;
		};
		D25E18AC29B7745D008BCE84 /* PBXTargetDependency */ = {
			isa = PBXTargetDependency;
			target = D25E188E29B7745C008BCE84 /* Trader */;
			targetProxy = D25E18AB29B7745D008BCE84 /* PBXContainerItemProxy */;
		};
/* End PBXTargetDependency section */

/* Begin XCBuildConfiguration section */
		D25E18B229B7745D008BCE84 /* Debug */ = {
			isa = XCBuildConfiguration;
			buildSettings = {
				ALWAYS_SEARCH_USER_PATHS = NO;
				CLANG_ANALYZER_NONNULL = YES;
				CLANG_ANALYZER_NUMBER_OBJECT_CONVERSION = YES_AGGRESSIVE;
				CLANG_CXX_LANGUAGE_STANDARD = "gnu++20";
				CLANG_ENABLE_MODULES = YES;
				CLANG_ENABLE_OBJC_ARC = YES;
				CLANG_ENABLE_OBJC_WEAK = YES;
				CLANG_WARN_BLOCK_CAPTURE_AUTORELEASING = YES;
				CLANG_WARN_BOOL_CONVERSION = YES;
				CLANG_WARN_COMMA = YES;
				CLANG_WARN_CONSTANT_CONVERSION = YES;
				CLANG_WARN_DEPRECATED_OBJC_IMPLEMENTATIONS = YES;
				CLANG_WARN_DIRECT_OBJC_ISA_USAGE = YES_ERROR;
				CLANG_WARN_DOCUMENTATION_COMMENTS = YES;
				CLANG_WARN_EMPTY_BODY = YES;
				CLANG_WARN_ENUM_CONVERSION = YES;
				CLANG_WARN_INFINITE_RECURSION = YES;
				CLANG_WARN_INT_CONVERSION = YES;
				CLANG_WARN_NON_LITERAL_NULL_CONVERSION = YES;
				CLANG_WARN_OBJC_IMPLICIT_RETAIN_SELF = YES;
				CLANG_WARN_OBJC_LITERAL_CONVERSION = YES;
				CLANG_WARN_OBJC_ROOT_CLASS = YES_ERROR;
				CLANG_WARN_QUOTED_INCLUDE_IN_FRAMEWORK_HEADER = YES;
				CLANG_WARN_RANGE_LOOP_ANALYSIS = YES;
				CLANG_WARN_STRICT_PROTOTYPES = YES;
				CLANG_WARN_SUSPICIOUS_MOVE = YES;
				CLANG_WARN_UNGUARDED_AVAILABILITY = YES_AGGRESSIVE;
				CLANG_WARN_UNREACHABLE_CODE = YES;
				CLANG_WARN__DUPLICATE_METHOD_MATCH = YES;
				COPY_PHASE_STRIP = NO;
				DEBUG_INFORMATION_FORMAT = dwarf;
				ENABLE_STRICT_OBJC_MSGSEND = YES;
				ENABLE_TESTABILITY = YES;
				GCC_C_LANGUAGE_STANDARD = gnu11;
				GCC_DYNAMIC_NO_PIC = NO;
				GCC_NO_COMMON_BLOCKS = YES;
				GCC_OPTIMIZATION_LEVEL = 0;
				GCC_PREPROCESSOR_DEFINITIONS = (
					"DEBUG=1",
					"$(inherited)",
				);
				GCC_WARN_64_TO_32_BIT_CONVERSION = YES;
				GCC_WARN_ABOUT_RETURN_TYPE = YES_ERROR;
				GCC_WARN_UNDECLARED_SELECTOR = YES;
				GCC_WARN_UNINITIALIZED_AUTOS = YES_AGGRESSIVE;
				GCC_WARN_UNUSED_FUNCTION = YES;
				GCC_WARN_UNUSED_VARIABLE = YES;
				MTL_ENABLE_DEBUG_INFO = INCLUDE_SOURCE;
				MTL_FAST_MATH = YES;
				ONLY_ACTIVE_ARCH = YES;
				SWIFT_ACTIVE_COMPILATION_CONDITIONS = DEBUG;
				SWIFT_OPTIMIZATION_LEVEL = "-Onone";
			};
			name = Debug;
		};
		D25E18B329B7745D008BCE84 /* Release */ = {
			isa = XCBuildConfiguration;
			buildSettings = {
				ALWAYS_SEARCH_USER_PATHS = NO;
				CLANG_ANALYZER_NONNULL = YES;
				CLANG_ANALYZER_NUMBER_OBJECT_CONVERSION = YES_AGGRESSIVE;
				CLANG_CXX_LANGUAGE_STANDARD = "gnu++20";
				CLANG_ENABLE_MODULES = YES;
				CLANG_ENABLE_OBJC_ARC = YES;
				CLANG_ENABLE_OBJC_WEAK = YES;
				CLANG_WARN_BLOCK_CAPTURE_AUTORELEASING = YES;
				CLANG_WARN_BOOL_CONVERSION = YES;
				CLANG_WARN_COMMA = YES;
				CLANG_WARN_CONSTANT_CONVERSION = YES;
				CLANG_WARN_DEPRECATED_OBJC_IMPLEMENTATIONS = YES;
				CLANG_WARN_DIRECT_OBJC_ISA_USAGE = YES_ERROR;
				CLANG_WARN_DOCUMENTATION_COMMENTS = YES;
				CLANG_WARN_EMPTY_BODY = YES;
				CLANG_WARN_ENUM_CONVERSION = YES;
				CLANG_WARN_INFINITE_RECURSION = YES;
				CLANG_WARN_INT_CONVERSION = YES;
				CLANG_WARN_NON_LITERAL_NULL_CONVERSION = YES;
				CLANG_WARN_OBJC_IMPLICIT_RETAIN_SELF = YES;
				CLANG_WARN_OBJC_LITERAL_CONVERSION = YES;
				CLANG_WARN_OBJC_ROOT_CLASS = YES_ERROR;
				CLANG_WARN_QUOTED_INCLUDE_IN_FRAMEWORK_HEADER = YES;
				CLANG_WARN_RANGE_LOOP_ANALYSIS = YES;
				CLANG_WARN_STRICT_PROTOTYPES = YES;
				CLANG_WARN_SUSPICIOUS_MOVE = YES;
				CLANG_WARN_UNGUARDED_AVAILABILITY = YES_AGGRESSIVE;
				CLANG_WARN_UNREACHABLE_CODE = YES;
				CLANG_WARN__DUPLICATE_METHOD_MATCH = YES;
				COPY_PHASE_STRIP = NO;
				DEBUG_INFORMATION_FORMAT = "dwarf-with-dsym";
				ENABLE_NS_ASSERTIONS = NO;
				ENABLE_STRICT_OBJC_MSGSEND = YES;
				GCC_C_LANGUAGE_STANDARD = gnu11;
				GCC_NO_COMMON_BLOCKS = YES;
				GCC_WARN_64_TO_32_BIT_CONVERSION = YES;
				GCC_WARN_ABOUT_RETURN_TYPE = YES_ERROR;
				GCC_WARN_UNDECLARED_SELECTOR = YES;
				GCC_WARN_UNINITIALIZED_AUTOS = YES_AGGRESSIVE;
				GCC_WARN_UNUSED_FUNCTION = YES;
				GCC_WARN_UNUSED_VARIABLE = YES;
				MTL_ENABLE_DEBUG_INFO = NO;
				MTL_FAST_MATH = YES;
				SWIFT_COMPILATION_MODE = wholemodule;
				SWIFT_OPTIMIZATION_LEVEL = "-O";
			};
			name = Release;
		};
		D25E18B529B7745D008BCE84 /* Debug */ = {
			isa = XCBuildConfiguration;
			buildSettings = {
				ASSETCATALOG_COMPILER_APPICON_NAME = AppIcon;
				ASSETCATALOG_COMPILER_GLOBAL_ACCENT_COLOR_NAME = AccentColor;
				CODE_SIGN_ENTITLEMENTS = Trader/Trader.entitlements;
				CODE_SIGN_STYLE = Automatic;
				CURRENT_PROJECT_VERSION = 1;
				DEVELOPMENT_ASSET_PATHS = "\"Trader/Preview Content\"";
				DEVELOPMENT_TEAM = 2CY8VW2PF4;
				ENABLE_HARDENED_RUNTIME = YES;
				ENABLE_PREVIEWS = YES;
				GENERATE_INFOPLIST_FILE = YES;
				"INFOPLIST_KEY_UIApplicationSceneManifest_Generation[sdk=iphoneos*]" = YES;
				"INFOPLIST_KEY_UIApplicationSceneManifest_Generation[sdk=iphonesimulator*]" = YES;
				"INFOPLIST_KEY_UIApplicationSupportsIndirectInputEvents[sdk=iphoneos*]" = YES;
				"INFOPLIST_KEY_UIApplicationSupportsIndirectInputEvents[sdk=iphonesimulator*]" = YES;
				"INFOPLIST_KEY_UILaunchScreen_Generation[sdk=iphoneos*]" = YES;
				"INFOPLIST_KEY_UILaunchScreen_Generation[sdk=iphonesimulator*]" = YES;
				"INFOPLIST_KEY_UIStatusBarStyle[sdk=iphoneos*]" = UIStatusBarStyleDefault;
				"INFOPLIST_KEY_UIStatusBarStyle[sdk=iphonesimulator*]" = UIStatusBarStyleDefault;
				INFOPLIST_KEY_UISupportedInterfaceOrientations_iPad = "UIInterfaceOrientationPortrait UIInterfaceOrientationPortraitUpsideDown UIInterfaceOrientationLandscapeLeft UIInterfaceOrientationLandscapeRight";
				INFOPLIST_KEY_UISupportedInterfaceOrientations_iPhone = "UIInterfaceOrientationPortrait UIInterfaceOrientationLandscapeLeft UIInterfaceOrientationLandscapeRight";
				IPHONEOS_DEPLOYMENT_TARGET = 16.2;
				LD_RUNPATH_SEARCH_PATHS = "@executable_path/Frameworks";
				"LD_RUNPATH_SEARCH_PATHS[sdk=macosx*]" = "@executable_path/../Frameworks";
				MACOSX_DEPLOYMENT_TARGET = 12.6;
				MARKETING_VERSION = 1.0;
				PRODUCT_BUNDLE_IDENTIFIER = agency.k7tech.Trader;
				PRODUCT_NAME = "$(TARGET_NAME)";
				SDKROOT = auto;
				SUPPORTED_PLATFORMS = "iphoneos iphonesimulator macosx";
				SWIFT_EMIT_LOC_STRINGS = YES;
				SWIFT_VERSION = 5.0;
				TARGETED_DEVICE_FAMILY = "1,2";
			};
			name = Debug;
		};
		D25E18B629B7745D008BCE84 /* Release */ = {
			isa = XCBuildConfiguration;
			buildSettings = {
				ASSETCATALOG_COMPILER_APPICON_NAME = AppIcon;
				ASSETCATALOG_COMPILER_GLOBAL_ACCENT_COLOR_NAME = AccentColor;
				CODE_SIGN_ENTITLEMENTS = Trader/Trader.entitlements;
				CODE_SIGN_STYLE = Automatic;
				CURRENT_PROJECT_VERSION = 1;
				DEVELOPMENT_ASSET_PATHS = "\"Trader/Preview Content\"";
				DEVELOPMENT_TEAM = 2CY8VW2PF4;
				ENABLE_HARDENED_RUNTIME = YES;
				ENABLE_PREVIEWS = YES;
				GENERATE_INFOPLIST_FILE = YES;
				"INFOPLIST_KEY_UIApplicationSceneManifest_Generation[sdk=iphoneos*]" = YES;
				"INFOPLIST_KEY_UIApplicationSceneManifest_Generation[sdk=iphonesimulator*]" = YES;
				"INFOPLIST_KEY_UIApplicationSupportsIndirectInputEvents[sdk=iphoneos*]" = YES;
				"INFOPLIST_KEY_UIApplicationSupportsIndirectInputEvents[sdk=iphonesimulator*]" = YES;
				"INFOPLIST_KEY_UILaunchScreen_Generation[sdk=iphoneos*]" = YES;
				"INFOPLIST_KEY_UILaunchScreen_Generation[sdk=iphonesimulator*]" = YES;
				"INFOPLIST_KEY_UIStatusBarStyle[sdk=iphoneos*]" = UIStatusBarStyleDefault;
				"INFOPLIST_KEY_UIStatusBarStyle[sdk=iphonesimulator*]" = UIStatusBarStyleDefault;
				INFOPLIST_KEY_UISupportedInterfaceOrientations_iPad = "UIInterfaceOrientationPortrait UIInterfaceOrientationPortraitUpsideDown UIInterfaceOrientationLandscapeLeft UIInterfaceOrientationLandscapeRight";
				INFOPLIST_KEY_UISupportedInterfaceOrientations_iPhone = "UIInterfaceOrientationPortrait UIInterfaceOrientationLandscapeLeft UIInterfaceOrientationLandscapeRight";
				IPHONEOS_DEPLOYMENT_TARGET = 16.2;
				LD_RUNPATH_SEARCH_PATHS = "@executable_path/Frameworks";
				"LD_RUNPATH_SEARCH_PATHS[sdk=macosx*]" = "@executable_path/../Frameworks";
				MACOSX_DEPLOYMENT_TARGET = 12.6;
				MARKETING_VERSION = 1.0;
				PRODUCT_BUNDLE_IDENTIFIER = agency.k7tech.Trader;
				PRODUCT_NAME = "$(TARGET_NAME)";
				SDKROOT = auto;
				SUPPORTED_PLATFORMS = "iphoneos iphonesimulator macosx";
				SWIFT_EMIT_LOC_STRINGS = YES;
				SWIFT_VERSION = 5.0;
				TARGETED_DEVICE_FAMILY = "1,2";
			};
			name = Release;
		};
		D25E18B829B7745D008BCE84 /* Debug */ = {
			isa = XCBuildConfiguration;
			buildSettings = {
				ALWAYS_EMBED_SWIFT_STANDARD_LIBRARIES = YES;
				BUNDLE_LOADER = "$(TEST_HOST)";
				CODE_SIGN_STYLE = Automatic;
				CURRENT_PROJECT_VERSION = 1;
				DEVELOPMENT_TEAM = 2CY8VW2PF4;
				GENERATE_INFOPLIST_FILE = YES;
				IPHONEOS_DEPLOYMENT_TARGET = 16.2;
				MACOSX_DEPLOYMENT_TARGET = 12.6;
				MARKETING_VERSION = 1.0;
				PRODUCT_BUNDLE_IDENTIFIER = agency.k7tech.TraderTests;
				PRODUCT_NAME = "$(TARGET_NAME)";
				SDKROOT = auto;
				SUPPORTED_PLATFORMS = "iphoneos iphonesimulator macosx";
				SWIFT_EMIT_LOC_STRINGS = NO;
				SWIFT_VERSION = 5.0;
				TARGETED_DEVICE_FAMILY = "1,2";
				TEST_HOST = "$(BUILT_PRODUCTS_DIR)/Trader.app/$(BUNDLE_EXECUTABLE_FOLDER_PATH)/Trader";
			};
			name = Debug;
		};
		D25E18B929B7745D008BCE84 /* Release */ = {
			isa = XCBuildConfiguration;
			buildSettings = {
				ALWAYS_EMBED_SWIFT_STANDARD_LIBRARIES = YES;
				BUNDLE_LOADER = "$(TEST_HOST)";
				CODE_SIGN_STYLE = Automatic;
				CURRENT_PROJECT_VERSION = 1;
				DEVELOPMENT_TEAM = 2CY8VW2PF4;
				GENERATE_INFOPLIST_FILE = YES;
				IPHONEOS_DEPLOYMENT_TARGET = 16.2;
				MACOSX_DEPLOYMENT_TARGET = 12.6;
				MARKETING_VERSION = 1.0;
				PRODUCT_BUNDLE_IDENTIFIER = agency.k7tech.TraderTests;
				PRODUCT_NAME = "$(TARGET_NAME)";
				SDKROOT = auto;
				SUPPORTED_PLATFORMS = "iphoneos iphonesimulator macosx";
				SWIFT_EMIT_LOC_STRINGS = NO;
				SWIFT_VERSION = 5.0;
				TARGETED_DEVICE_FAMILY = "1,2";
				TEST_HOST = "$(BUILT_PRODUCTS_DIR)/Trader.app/$(BUNDLE_EXECUTABLE_FOLDER_PATH)/Trader";
			};
			name = Release;
		};
		D25E18BB29B7745D008BCE84 /* Debug */ = {
			isa = XCBuildConfiguration;
			buildSettings = {
				ALWAYS_EMBED_SWIFT_STANDARD_LIBRARIES = YES;
				CODE_SIGN_STYLE = Automatic;
				CURRENT_PROJECT_VERSION = 1;
				DEVELOPMENT_TEAM = 2CY8VW2PF4;
				GENERATE_INFOPLIST_FILE = YES;
				IPHONEOS_DEPLOYMENT_TARGET = 16.2;
				MACOSX_DEPLOYMENT_TARGET = 12.6;
				MARKETING_VERSION = 1.0;
				PRODUCT_BUNDLE_IDENTIFIER = agency.k7tech.TraderUITests;
				PRODUCT_NAME = "$(TARGET_NAME)";
				SDKROOT = auto;
				SUPPORTED_PLATFORMS = "iphoneos iphonesimulator macosx";
				SWIFT_EMIT_LOC_STRINGS = NO;
				SWIFT_VERSION = 5.0;
				TARGETED_DEVICE_FAMILY = "1,2";
				TEST_TARGET_NAME = Trader;
			};
			name = Debug;
		};
		D25E18BC29B7745D008BCE84 /* Release */ = {
			isa = XCBuildConfiguration;
			buildSettings = {
				ALWAYS_EMBED_SWIFT_STANDARD_LIBRARIES = YES;
				CODE_SIGN_STYLE = Automatic;
				CURRENT_PROJECT_VERSION = 1;
				DEVELOPMENT_TEAM = 2CY8VW2PF4;
				GENERATE_INFOPLIST_FILE = YES;
				IPHONEOS_DEPLOYMENT_TARGET = 16.2;
				MACOSX_DEPLOYMENT_TARGET = 12.6;
				MARKETING_VERSION = 1.0;
				PRODUCT_BUNDLE_IDENTIFIER = agency.k7tech.TraderUITests;
				PRODUCT_NAME = "$(TARGET_NAME)";
				SDKROOT = auto;
				SUPPORTED_PLATFORMS = "iphoneos iphonesimulator macosx";
				SWIFT_EMIT_LOC_STRINGS = NO;
				SWIFT_VERSION = 5.0;
				TARGETED_DEVICE_FAMILY = "1,2";
				TEST_TARGET_NAME = Trader;
			};
			name = Release;
		};
/* End XCBuildConfiguration section */

/* Begin XCConfigurationList section */
		D25E188A29B7745C008BCE84 /* Build configuration list for PBXProject "Trader" */ = {
			isa = XCConfigurationList;
			buildConfigurations = (
				D25E18B229B7745D008BCE84 /* Debug */,
				D25E18B329B7745D008BCE84 /* Release */,
			);
			defaultConfigurationIsVisible = 0;
			defaultConfigurationName = Release;
		};
		D25E18B429B7745D008BCE84 /* Build configuration list for PBXNativeTarget "Trader" */ = {
			isa = XCConfigurationList;
			buildConfigurations = (
				D25E18B529B7745D008BCE84 /* Debug */,
				D25E18B629B7745D008BCE84 /* Release */,
			);
			defaultConfigurationIsVisible = 0;
			defaultConfigurationName = Release;
		};
		D25E18B729B7745D008BCE84 /* Build configuration list for PBXNativeTarget "TraderTests" */ = {
			isa = XCConfigurationList;
			buildConfigurations = (
				D25E18B829B7745D008BCE84 /* Debug */,
				D25E18B929B7745D008BCE84 /* Release */,
			);
			defaultConfigurationIsVisible = 0;
			defaultConfigurationName = Release;
		};
		D25E18BA29B7745D008BCE84 /* Build configuration list for PBXNativeTarget "TraderUITests" */ = {
			isa = XCConfigurationList;
			buildConfigurations = (
				D25E18BB29B7745D008BCE84 /* Debug */,
				D25E18BC29B7745D008BCE84 /* Release */,
			);
			defaultConfigurationIsVisible = 0;
			defaultConfigurationName = Release;
		};
/* End XCConfigurationList section */

/* Begin XCRemoteSwiftPackageReference section */
		D2D271D929B8EB4A00BC786A /* XCRemoteSwiftPackageReference "Kingfisher" */ = {
			isa = XCRemoteSwiftPackageReference;
			repositoryURL = "https://github.com/onevcat/Kingfisher";
			requirement = {
				kind = upToNextMajorVersion;
				minimumVersion = 7.0.0;
			};
		};
/* End XCRemoteSwiftPackageReference section */

/* Begin XCSwiftPackageProductDependency section */
		D2D271DA29B8EB4A00BC786A /* Kingfisher */ = {
			isa = XCSwiftPackageProductDependency;
			package = D2D271D929B8EB4A00BC786A /* XCRemoteSwiftPackageReference "Kingfisher" */;
			productName = Kingfisher;
		};
/* End XCSwiftPackageProductDependency section */
	};
	rootObject = D25E188729B7745C008BCE84 /* Project object */;
}
